
Microsoft Visual Studio Solution File, Format Version 12.00
# Visual Studio Version 16
VisualStudioVersion = 16.0.31624.102
MinimumVisualStudioVersion = 10.0.40219.1
Project("{9A19103F-16F7-4668-BE54-9A1E7A4F7556}") = "MovieRecommendationSystem", "MovieRecommendationSystem\MovieRecommendationSystem.csproj", "{B217B2C8-E727-4DAB-89AE-F6C1868F0603}"
EndProject
Global
	GlobalSection(SolutionConfigurationPlatforms) = preSolution
		Debug|Any CPU = Debug|Any CPU
		Release|Any CPU = Release|Any CPU
	EndGlobalSection
	GlobalSection(ProjectConfigurationPlatforms) = postSolution
		{B217B2C8-E727-4DAB-89AE-F6C1868F0603}.Debug|Any CPU.ActiveCfg = Debug|Any CPU
		{B217B2C8-E727-4DAB-89AE-F6C1868F0603}.Debug|Any CPU.Build.0 = Debug|Any CPU
		{B217B2C8-E727-4DAB-89AE-F6C1868F0603}.Release|Any CPU.ActiveCfg = Release|Any CPU
		{B217B2C8-E727-4DAB-89AE-F6C1868F0603}.Release|Any CPU.Build.0 = Release|Any CPU
	EndGlobalSection
	GlobalSection(SolutionProperties) = preSolution
		HideSolutionNode = FALSE
	EndGlobalSection
	GlobalSection(ExtensibilityGlobals) = postSolution
		SolutionGuid = {9434A216-F68A-4DD0-8021-C92CA275F478}
	EndGlobalSection
EndGlobal
